{
  "originHash" : "11c1dccdb5da32b09faae16ff5a757258a396b1f5c4f5fcacb37bb8f5027b2d9",
  "pins" : [
    {
      "identity" : "eventually",
      "kind" : "remoteSourceControl",
      "location" : "https://github.com/claustrofob/Eventually.git",
      "state" : {
        "branch" : "1.0.1",
        "revision" : "2bd6f9453c7edadc64f5206254f82a20dc90ce71"
      }
    }
  ],
  "version" : 3
}
