{
  "originHash" : "dc8f734d16628db5cafa4d52361df86c2465f164f56f83dbbaa24675e3c2d6d6",
  "pins" : [
    {
      "identity" : "eventually",
      "kind" : "remoteSourceControl",
      "location" : "https://github.com/claustrofob/Eventually.git",
      "state" : {
        "branch" : "1.0.3",
        "revision" : "9a96f478dae3c35c85d372b401e87a82ec27a853"
      }
    }
  ],
  "version" : 3
}
